
Microsoft Visual Studio Solution File, Format Version 12.00
# Visual Studio Version 17
VisualStudioVersion = 17.5.33516.290
MinimumVisualStudioVersion = 10.0.40219.1
Project("{9A19103F-16F7-4668-BE54-9A1E7A4F7556}") = "MaturaProject", "crypass\MaturaProject.csproj", "{6F9A4922-CED7-4BFF-9204-D3905C9129C3}"
EndProject
Global
	GlobalSection(SolutionConfigurationPlatforms) = preSolution
		Debug|Any CPU = Debug|Any CPU
		Debug|x86 = Debug|x86
		Release|Any CPU = Release|Any CPU
		Release|x86 = Release|x86
	EndGlobalSection
	GlobalSection(ProjectConfigurationPlatforms) = postSolution
		{6F9A4922-CED7-4BFF-9204-D3905C9129C3}.Debug|Any CPU.ActiveCfg = Debug|Any CPU
		{6F9A4922-CED7-4BFF-9204-D3905C9129C3}.Debug|Any CPU.Build.0 = Debug|Any CPU
		{6F9A4922-CED7-4BFF-9204-D3905C9129C3}.Debug|x86.ActiveCfg = Debug|Any CPU
		{6F9A4922-CED7-4BFF-9204-D3905C9129C3}.Debug|x86.Build.0 = Debug|Any CPU
		{6F9A4922-CED7-4BFF-9204-D3905C9129C3}.Release|Any CPU.ActiveCfg = Release|Any CPU
		{6F9A4922-CED7-4BFF-9204-D3905C9129C3}.Release|Any CPU.Build.0 = Release|Any CPU
		{6F9A4922-CED7-4BFF-9204-D3905C9129C3}.Release|x86.ActiveCfg = Release|Any CPU
		{6F9A4922-CED7-4BFF-9204-D3905C9129C3}.Release|x86.Build.0 = Release|Any CPU
	EndGlobalSection
	GlobalSection(SolutionProperties) = preSolution
		HideSolutionNode = FALSE
	EndGlobalSection
	GlobalSection(ExtensibilityGlobals) = postSolution
		SolutionGuid = {96015F2A-CF5B-476C-8BC5-FCF18185861A}
	EndGlobalSection
EndGlobal
